
Microsoft Visual Studio Solution File, Format Version 12.00
# Visual Studio Version 17
VisualStudioVersion = 17.11.35303.130
MinimumVisualStudioVersion = 10.0.40219.1
Project("{FAE04EC0-301F-11D3-BF4B-00C04F79EFBC}") = "SampleServiceProvider", "SampleServiceProvider\SampleServiceProvider.csproj", "{A192FD86-B89D-4A63-A02D-2F6047935FC2}"
EndProject
Global
	GlobalSection(SolutionConfigurationPlatforms) = preSolution
		Debug|Any CPU = Debug|Any CPU
		Release|Any CPU = Release|Any CPU
	EndGlobalSection
	GlobalSection(ProjectConfigurationPlatforms) = postSolution
		{A192FD86-B89D-4A63-A02D-2F6047935FC2}.Debug|Any CPU.ActiveCfg = Debug|Any CPU
		{A192FD86-B89D-4A63-A02D-2F6047935FC2}.Debug|Any CPU.Build.0 = Debug|Any CPU
		{A192FD86-B89D-4A63-A02D-2F6047935FC2}.Release|Any CPU.ActiveCfg = Release|Any CPU
		{A192FD86-B89D-4A63-A02D-2F6047935FC2}.Release|Any CPU.Build.0 = Release|Any CPU
	EndGlobalSection
	GlobalSection(SolutionProperties) = preSolution
		HideSolutionNode = FALSE
	EndGlobalSection
	GlobalSection(ExtensibilityGlobals) = postSolution
		SolutionGuid = {A4E2719D-D320-43E4-B9A9-3C6E7ED4EDB5}
	EndGlobalSection
EndGlobal
